lockfileVersion: '6.0'

settings:
  autoInstallPeers: true
  excludeLinksFromLockfile: false

dependencies:
  '@types/lodash':
    specifier: ^4.14.202
    version: 4.14.202
  dotenv:
    specifier: ^16.4.1
    version: 16.4.1
  kysely:
    specifier: ^0.27.2
    version: 0.27.2
  lodash:
    specifier: ^4.17.21
    version: 4.17.21
  zod:
    specifier: ^3.22.4
    version: 3.22.4

devDependencies:
  '@playwright/test':
    specifier: ^1.41.2
    version: 1.41.2
  '@types/node':
    specifier: ^20.11.16
    version: 20.11.16

packages:

  /@playwright/test@1.41.2:
    resolution: {integrity: sha512-qQB9h7KbibJzrDpkXkYvsmiDJK14FULCCZgEcoe2AvFAS64oCirWTwzTlAYEbKaRxWs5TFesE1Na6izMv3HfGg==}
    engines: {node: '>=16'}
    hasBin: true
    dependencies:
      playwright: 1.41.2
    dev: true

  /@types/lodash@4.14.202:
    resolution: {integrity: sha512-OvlIYQK9tNneDlS0VN54LLd5uiPCBOp7gS5Z0f1mjoJYBrtStzgmJBxONW3U6OZqdtNzZPmn9BS/7WI7BFFcFQ==}
    dev: false

  /@types/node@20.11.16:
    resolution: {integrity: sha512-gKb0enTmRCzXSSUJDq6/sPcqrfCv2mkkG6Jt/clpn5eiCbKTY+SgZUxo+p8ZKMof5dCp9vHQUAB7wOUTod22wQ==}
    dependencies:
      undici-types: 5.26.5
    dev: true

  /dotenv@16.4.1:
    resolution: {integrity: sha512-CjA3y+Dr3FyFDOAMnxZEGtnW9KBR2M0JvvUtXNW+dYJL5ROWxP9DUHCwgFqpMk0OXCc0ljhaNTr2w/kutYIcHQ==}
    engines: {node: '>=12'}
    dev: false

  /fsevents@2.3.2:
    resolution: {integrity: sha512-xiqMQR4xAeHTuB9uWm+fFRcIOgKBMiOBP+eXiyT7jsgVCq1bkVygt00oASowB7EdtpOHaaPgKt812P9ab+DDKA==}
    engines: {node: ^8.16.0 || ^10.6.0 || >=11.0.0}
    os: [darwin]
    requiresBuild: true
    dev: true
    optional: true

  /kysely@0.27.2:
    resolution: {integrity: sha512-DmRvEfiR/NLpgsTbSxma2ldekhsdcd65+MNiKXyd/qj7w7X5e3cLkXxcj+MypsRDjPhHQ/CD5u3Eq1sBYzX0bw==}
    engines: {node: '>=14.0.0'}
    dev: false

  /lodash@4.17.21:
    resolution: {integrity: sha512-v2kDEe57lecTulaDIuNTPy3Ry4gLGJ6Z1O3vE1krgXZNrsQ+LFTGHVxVjcXPs17LhbZVGedAJv8XZ1tvj5FvSg==}
    dev: false

  /playwright-core@1.41.2:
    resolution: {integrity: sha512-VaTvwCA4Y8kxEe+kfm2+uUUw5Lubf38RxF7FpBxLPmGe5sdNkSg5e3ChEigaGrX7qdqT3pt2m/98LiyvU2x6CA==}
    engines: {node: '>=16'}
    hasBin: true
    dev: true

  /playwright@1.41.2:
    resolution: {integrity: sha512-v0bOa6H2GJChDL8pAeLa/LZC4feoAMbSQm1/jF/ySsWWoaNItvrMP7GEkvEEFyCTUYKMxjQKaTSg5up7nR6/8A==}
    engines: {node: '>=16'}
    hasBin: true
    dependencies:
      playwright-core: 1.41.2
    optionalDependencies:
      fsevents: 2.3.2
    dev: true

  /undici-types@5.26.5:
    resolution: {integrity: sha512-JlCMO+ehdEIKqlFxk6IfVoAUVmgz7cU7zD/h9XZ0qzeosSHmUJVOzSQvvYSYWXkFXC+IfLKSIffhv0sVZup6pA==}
    dev: true

  /zod@3.22.4:
    resolution: {integrity: sha512-iC+8Io04lddc+mVqQ9AZ7OQ2MrUKGN+oIQyq1vemgt46jwCwLfhq7/pwnBnNXXXZb8VTVLKwp9EDkx+ryxIWmg==}
    dev: false
